// !$*UTF8*$!
{
	archiveVersion = 1;
	classes = {
	};
	objectVersion = 46;
	objects = {

/* Begin PBXBuildFile section */
		F3250C3315BFBE5300DF1541 /* MapKit.framework in Frameworks */ = {isa = PBXBuildFile; fileRef = F3250C3215BFBE5300DF1541 /* MapKit.framework */; };
		F3B1BC0315BE82AD008DED6D /* UIKit.framework in Frameworks */ = {isa = PBXBuildFile; fileRef = F3B1BC0215BE82AD008DED6D /* UIKit.framework */; };
		F3B1BC0515BE82AD008DED6D /* Foundation.framework in Frameworks */ = {isa = PBXBuildFile; fileRef = F3B1BC0415BE82AD008DED6D /* Foundation.framework */; };
		F3B1BC0715BE82AD008DED6D /* CoreGraphics.framework in Frameworks */ = {isa = PBXBuildFile; fileRef = F3B1BC0615BE82AD008DED6D /* CoreGraphics.framework */; };
		F3B1BC0915BE82AD008DED6D /* CoreData.framework in Frameworks */ = {isa = PBXBuildFile; fileRef = F3B1BC0815BE82AD008DED6D /* CoreData.framework */; };
		F3B1BC0F15BE82AD008DED6D /* InfoPlist.strings in Resources */ = {isa = PBXBuildFile; fileRef = F3B1BC0D15BE82AD008DED6D /* InfoPlist.strings */; };
		F3B1BC1115BE82AD008DED6D /* main.m in Sources */ = {isa = PBXBuildFile; fileRef = F3B1BC1015BE82AD008DED6D /* main.m */; };
		F3B1BC1515BE82AD008DED6D /* tfAppDelegate.m in Sources */ = {isa = PBXBuildFile; fileRef = F3B1BC1415BE82AD008DED6D /* tfAppDelegate.m */; };
		F3B1BC1815BE82AD008DED6D /* TestApp001.xcdatamodeld in Sources */ = {isa = PBXBuildFile; fileRef = F3B1BC1615BE82AD008DED6D /* TestApp001.xcdatamodeld */; };
		F3B1BC2115BE8323008DED6D /* tfRootViewController.m in Sources */ = {isa = PBXBuildFile; fileRef = F3B1BC1F15BE8323008DED6D /* tfRootViewController.m */; };
		F3B1BC2215BE8323008DED6D /* tfRootViewController.xib in Resources */ = {isa = PBXBuildFile; fileRef = F3B1BC2015BE8323008DED6D /* tfRootViewController.xib */; };
		F3B1BC2415BE8A6E008DED6D /* icon.png in Resources */ = {isa = PBXBuildFile; fileRef = F3B1BC2315BE8A6E008DED6D /* icon.png */; };
		F3B1BC2715BE8B72008DED6D /* icon@2x.png in Resources */ = {isa = PBXBuildFile; fileRef = F3B1BC2615BE8B72008DED6D /* icon@2x.png */; };
		F3B1BC2A15BE8D08008DED6D /* default.png in Resources */ = {isa = PBXBuildFile; fileRef = F3B1BC2815BE8D08008DED6D /* default.png */; };
		F3B1BC2B15BE8D08008DED6D /* default@2x.png in Resources */ = {isa = PBXBuildFile; fileRef = F3B1BC2915BE8D08008DED6D /* default@2x.png */; };
		F3B1BC2F15BE8F58008DED6D /* tfSecondViewController.m in Sources */ = {isa = PBXBuildFile; fileRef = F3B1BC2D15BE8F58008DED6D /* tfSecondViewController.m */; };
		F3B1BC3015BE8F58008DED6D /* tfSecondViewController.xib in Resources */ = {isa = PBXBuildFile; fileRef = F3B1BC2E15BE8F58008DED6D /* tfSecondViewController.xib */; };
		F3B1BC3615BEB4F8008DED6D /* MobileCoreServices.framework in Frameworks */ = {isa = PBXBuildFile; fileRef = F3B1BC3515BEB4F8008DED6D /* MobileCoreServices.framework */; };
/* End PBXBuildFile section */

/* Begin PBXFileReference section */
		F3250C3215BFBE5300DF1541 /* MapKit.framework */ = {isa = PBXFileReference; lastKnownFileType = wrapper.framework; name = MapKit.framework; path = System/Library/Frameworks/MapKit.framework; sourceTree = SDKROOT; };
		F3B1BBFE15BE82AD008DED6D /* TestApp001.app */ = {isa = PBXFileReference; explicitFileType = wrapper.application; includeInIndex = 0; path = TestApp001.app; sourceTree = BUILT_PRODUCTS_DIR; };
		F3B1BC0215BE82AD008DED6D /* UIKit.framework */ = {isa = PBXFileReference; lastKnownFileType = wrapper.framework; name = UIKit.framework; path = System/Library/Frameworks/UIKit.framework; sourceTree = SDKROOT; };
		F3B1BC0415BE82AD008DED6D /* Foundation.framework */ = {isa = PBXFileReference; lastKnownFileType = wrapper.framework; name = Foundation.framework; path = System/Library/Frameworks/Foundation.framework; sourceTree = SDKROOT; };
		F3B1BC0615BE82AD008DED6D /* CoreGraphics.framework */ = {isa = PBXFileReference; lastKnownFileType = wrapper.framework; name = CoreGraphics.framework; path = System/Library/Frameworks/CoreGraphics.framework; sourceTree = SDKROOT; };
		F3B1BC0815BE82AD008DED6D /* CoreData.framework */ = {isa = PBXFileReference; lastKnownFileType = wrapper.framework; name = CoreData.framework; path = System/Library/Frameworks/CoreData.framework; sourceTree = SDKROOT; };
		F3B1BC0C15BE82AD008DED6D /* TestApp001-Info.plist */ = {isa = PBXFileReference; lastKnownFileType = text.plist.xml; path = "TestApp001-Info.plist"; sourceTree = "<group>"; };
		F3B1BC0E15BE82AD008DED6D /* en */ = {isa = PBXFileReference; lastKnownFileType = text.plist.strings; name = en; path = en.lproj/InfoPlist.strings; sourceTree = "<group>"; };
		F3B1BC1015BE82AD008DED6D /* main.m */ = {isa = PBXFileReference; lastKnownFileType = sourcecode.c.objc; path = main.m; sourceTree = "<group>"; };
		F3B1BC1215BE82AD008DED6D /* TestApp001-Prefix.pch */ = {isa = PBXFileReference; lastKnownFileType = sourcecode.c.h; path = "TestApp001-Prefix.pch"; sourceTree = "<group>"; };
		F3B1BC1315BE82AD008DED6D /* tfAppDelegate.h */ = {isa = PBXFileReference; lastKnownFileType = sourcecode.c.h; path = tfAppDelegate.h; sourceTree = "<group>"; };
		F3B1BC1415BE82AD008DED6D /* tfAppDelegate.m */ = {isa = PBXFileReference; lastKnownFileType = sourcecode.c.objc; path = tfAppDelegate.m; sourceTree = "<group>"; };
		F3B1BC1715BE82AD008DED6D /* TestApp001.xcdatamodel */ = {isa = PBXFileReference; lastKnownFileType = wrapper.xcdatamodel; path = TestApp001.xcdatamodel; sourceTree = "<group>"; };
		F3B1BC1E15BE8323008DED6D /* tfRootViewController.h */ = {isa = PBXFileReference; fileEncoding = 4; lastKnownFileType = sourcecode.c.h; path = tfRootViewController.h; sourceTree = "<group>"; };
		F3B1BC1F15BE8323008DED6D /* tfRootViewController.m */ = {isa = PBXFileReference; fileEncoding = 4; lastKnownFileType = sourcecode.c.objc; path = tfRootViewController.m; sourceTree = "<group>"; };
		F3B1BC2015BE8323008DED6D /* tfRootViewController.xib */ = {isa = PBXFileReference; fileEncoding = 4; lastKnownFileType = file.xib; path = tfRootViewController.xib; sourceTree = "<group>"; };
		F3B1BC2315BE8A6E008DED6D /* icon.png */ = {isa = PBXFileReference; lastKnownFileType = image.png; name = icon.png; path = ../icon.png; sourceTree = "<group>"; };
		F3B1BC2615BE8B72008DED6D /* icon@2x.png */ = {isa = PBXFileReference; lastKnownFileType = image.png; name = "icon@2x.png"; path = "../icon@2x.png"; sourceTree = "<group>"; };
		F3B1BC2815BE8D08008DED6D /* default.png */ = {isa = PBXFileReference; lastKnownFileType = image.png; name = default.png; path = ../default.png; sourceTree = "<group>"; };
		F3B1BC2915BE8D08008DED6D /* default@2x.png */ = {isa = PBXFileReference; lastKnownFileType = image.png; name = "default@2x.png"; path = "../default@2x.png"; sourceTree = "<group>"; };
		F3B1BC2C15BE8F58008DED6D /* tfSecondViewController.h */ = {isa = PBXFileReference; fileEncoding = 4; lastKnownFileType = sourcecode.c.h; path = tfSecondViewController.h; sourceTree = "<group>"; };
		F3B1BC2D15BE8F58008DED6D /* tfSecondViewController.m */ = {isa = PBXFileReference; fileEncoding = 4; lastKnownFileType = sourcecode.c.objc; path = tfSecondViewController.m; sourceTree = "<group>"; };
		F3B1BC2E15BE8F58008DED6D /* tfSecondViewController.xib */ = {isa = PBXFileReference; fileEncoding = 4; lastKnownFileType = file.xib; path = tfSecondViewController.xib; sourceTree = "<group>"; };
		F3B1BC3315BEB4B3008DED6D /* AVFoundation.framework */ = {isa = PBXFileReference; lastKnownFileType = wrapper.framework; name = AVFoundation.framework; path = System/Library/Frameworks/AVFoundation.framework; sourceTree = SDKROOT; };
		F3B1BC3515BEB4F8008DED6D /* MobileCoreServices.framework */ = {isa = PBXFileReference; lastKnownFileType = wrapper.framework; name = MobileCoreServices.framework; path = System/Library/Frameworks/MobileCoreServices.framework; sourceTree = SDKROOT; };
/* End PBXFileReference section */

/* Begin PBXFrameworksBuildPhase section */
		F3B1BBFB15BE82AD008DED6D /* Frameworks */ = {
			isa = PBXFrameworksBuildPhase;
			buildActionMask = 2147483647;
			files = (
				F3250C3315BFBE5300DF1541 /* MapKit.framework in Frameworks */,
				F3B1BC3615BEB4F8008DED6D /* MobileCoreServices.framework in Frameworks */,
				F3B1BC0315BE82AD008DED6D /* UIKit.framework in Frameworks */,
				F3B1BC0515BE82AD008DED6D /* Foundation.framework in Frameworks */,
				F3B1BC0715BE82AD008DED6D /* CoreGraphics.framework in Frameworks */,
				F3B1BC0915BE82AD008DED6D /* CoreData.framework in Frameworks */,
			);
			runOnlyForDeploymentPostprocessing = 0;
		};
/* End PBXFrameworksBuildPhase section */

/* Begin PBXGroup section */
		F3B1BBF315BE82AD008DED6D = {
			isa = PBXGroup;
			children = (
				F3B1BC0A15BE82AD008DED6D /* TestApp001 */,
				F3B1BC0115BE82AD008DED6D /* Frameworks */,
				F3B1BBFF15BE82AD008DED6D /* Products */,
			);
			sourceTree = "<group>";
		};
		F3B1BBFF15BE82AD008DED6D /* Products */ = {
			isa = PBXGroup;
			children = (
				F3B1BBFE15BE82AD008DED6D /* TestApp001.app */,
			);
			name = Products;
			sourceTree = "<group>";
		};
		F3B1BC0115BE82AD008DED6D /* Frameworks */ = {
			isa = PBXGroup;
			children = (
				F3250C3215BFBE5300DF1541 /* MapKit.framework */,
				F3B1BC3515BEB4F8008DED6D /* MobileCoreServices.framework */,
				F3B1BC3315BEB4B3008DED6D /* AVFoundation.framework */,
				F3B1BC0215BE82AD008DED6D /* UIKit.framework */,
				F3B1BC0415BE82AD008DED6D /* Foundation.framework */,
				F3B1BC0615BE82AD008DED6D /* CoreGraphics.framework */,
				F3B1BC0815BE82AD008DED6D /* CoreData.framework */,
			);
			name = Frameworks;
			sourceTree = "<group>";
		};
		F3B1BC0A15BE82AD008DED6D /* TestApp001 */ = {
			isa = PBXGroup;
			children = (
				F3B1BC2C15BE8F58008DED6D /* tfSecondViewController.h */,
				F3B1BC2D15BE8F58008DED6D /* tfSecondViewController.m */,
				F3B1BC2E15BE8F58008DED6D /* tfSecondViewController.xib */,
				F3B1BC2515BE8A7D008DED6D /* Images */,
				F3B1BC1E15BE8323008DED6D /* tfRootViewController.h */,
				F3B1BC1F15BE8323008DED6D /* tfRootViewController.m */,
				F3B1BC2015BE8323008DED6D /* tfRootViewController.xib */,
				F3B1BC1315BE82AD008DED6D /* tfAppDelegate.h */,
				F3B1BC1415BE82AD008DED6D /* tfAppDelegate.m */,
				F3B1BC1615BE82AD008DED6D /* TestApp001.xcdatamodeld */,
				F3B1BC0B15BE82AD008DED6D /* Supporting Files */,
			);
			path = TestApp001;
			sourceTree = "<group>";
		};
		F3B1BC0B15BE82AD008DED6D /* Supporting Files */ = {
			isa = PBXGroup;
			children = (
				F3B1BC0C15BE82AD008DED6D /* TestApp001-Info.plist */,
				F3B1BC0D15BE82AD008DED6D /* InfoPlist.strings */,
				F3B1BC1015BE82AD008DED6D /* main.m */,
				F3B1BC1215BE82AD008DED6D /* TestApp001-Prefix.pch */,
			);
			name = "Supporting Files";
			sourceTree = "<group>";
		};
		F3B1BC2515BE8A7D008DED6D /* Images */ = {
			isa = PBXGroup;
			children = (
				F3B1BC2815BE8D08008DED6D /* default.png */,
				F3B1BC2915BE8D08008DED6D /* default@2x.png */,
				F3B1BC2615BE8B72008DED6D /* icon@2x.png */,
				F3B1BC2315BE8A6E008DED6D /* icon.png */,
			);
			name = Images;
			sourceTree = "<group>";
		};
/* End PBXGroup section */

/* Begin PBXNativeTarget section */
		F3B1BBFD15BE82AD008DED6D /* TestApp001 */ = {
			isa = PBXNativeTarget;
			buildConfigurationList = F3B1BC1B15BE82AD008DED6D /* Build configuration list for PBXNativeTarget "TestApp001" */;
			buildPhases = (
				F3B1BBFA15BE82AD008DED6D /* Sources */,
				F3B1BBFB15BE82AD008DED6D /* Frameworks */,
				F3B1BBFC15BE82AD008DED6D /* Resources */,
			);
			buildRules = (
			);
			dependencies = (
			);
			name = TestApp001;
			productName = TestApp001;
			productReference = F3B1BBFE15BE82AD008DED6D /* TestApp001.app */;
			productType = "com.apple.product-type.application";
		};
/* End PBXNativeTarget section */

/* Begin PBXProject section */
		F3B1BBF515BE82AD008DED6D /* Project object */ = {
			isa = PBXProject;
			attributes = {
				CLASSPREFIX = tf;
				LastUpgradeCheck = 0430;
				ORGANIZATIONNAME = "trifeed inc";
			};
			buildConfigurationList = F3B1BBF815BE82AD008DED6D /* Build configuration list for PBXProject "TestApp001" */;
			compatibilityVersion = "Xcode 3.2";
			developmentRegion = English;
			hasScannedForEncodings = 0;
			knownRegions = (
				en,
			);
			mainGroup = F3B1BBF315BE82AD008DED6D;
			productRefGroup = F3B1BBFF15BE82AD008DED6D /* Products */;
			projectDirPath = "";
			projectRoot = "";
			targets = (
				F3B1BBFD15BE82AD008DED6D /* TestApp001 */,
			);
		};
/* End PBXProject section */

/* Begin PBXResourcesBuildPhase section */
		F3B1BBFC15BE82AD008DED6D /* Resources */ = {
			isa = PBXResourcesBuildPhase;
			buildActionMask = 2147483647;
			files = (
				F3B1BC0F15BE82AD008DED6D /* InfoPlist.strings in Resources */,
				F3B1BC2215BE8323008DED6D /* tfRootViewController.xib in Resources */,
				F3B1BC2415BE8A6E008DED6D /* icon.png in Resources */,
				F3B1BC2715BE8B72008DED6D /* icon@2x.png in Resources */,
				F3B1BC2A15BE8D08008DED6D /* default.png in Resources */,
				F3B1BC2B15BE8D08008DED6D /* default@2x.png in Resources */,
				F3B1BC3015BE8F58008DED6D /* tfSecondViewController.xib in Resources */,
			);
			runOnlyForDeploymentPostprocessing = 0;
		};
/* End PBXResourcesBuildPhase section */

/* Begin PBXSourcesBuildPhase section */
		F3B1BBFA15BE82AD008DED6D /* Sources */ = {
			isa = PBXSourcesBuildPhase;
			buildActionMask = 2147483647;
			files = (
				F3B1BC1115BE82AD008DED6D /* main.m in Sources */,
				F3B1BC1515BE82AD008DED6D /* tfAppDelegate.m in Sources */,
				F3B1BC1815BE82AD008DED6D /* TestApp001.xcdatamodeld in Sources */,
				F3B1BC2115BE8323008DED6D /* tfRootViewController.m in Sources */,
				F3B1BC2F15BE8F58008DED6D /* tfSecondViewController.m in Sources */,
			);
			runOnlyForDeploymentPostprocessing = 0;
		};
/* End PBXSourcesBuildPhase section */

/* Begin PBXVariantGroup section */
		F3B1BC0D15BE82AD008DED6D /* InfoPlist.strings */ = {
			isa = PBXVariantGroup;
			children = (
				F3B1BC0E15BE82AD008DED6D /* en */,
			);
			name = InfoPlist.strings;
			sourceTree = "<group>";
		};
/* End PBXVariantGroup section */

/* Begin XCBuildConfiguration section */
		F3B1BC1915BE82AD008DED6D /* Debug */ = {
			isa = XCBuildConfiguration;
			buildSettings = {
				ALWAYS_SEARCH_USER_PATHS = NO;
				ARCHS = "$(ARCHS_STANDARD_32_BIT)";
				CLANG_ENABLE_OBJC_ARC = YES;
				"CODE_SIGN_IDENTITY[sdk=iphoneos*]" = "iPhone Developer";
				COPY_PHASE_STRIP = NO;
				GCC_C_LANGUAGE_STANDARD = gnu99;
				GCC_DYNAMIC_NO_PIC = NO;
				GCC_OPTIMIZATION_LEVEL = 0;
				GCC_PREPROCESSOR_DEFINITIONS = (
					"DEBUG=1",
					"$(inherited)",
				);
				GCC_SYMBOLS_PRIVATE_EXTERN = NO;
				GCC_VERSION = com.apple.compilers.llvm.clang.1_0;
				GCC_WARN_ABOUT_RETURN_TYPE = YES;
				GCC_WARN_UNINITIALIZED_AUTOS = YES;
				GCC_WARN_UNUSED_VARIABLE = YES;
				IPHONEOS_DEPLOYMENT_TARGET = 5.1;
				SDKROOT = iphoneos;
			};
			name = Debug;
		};
		F3B1BC1A15BE82AD008DED6D /* Release */ = {
			isa = XCBuildConfiguration;
			buildSettings = {
				ALWAYS_SEARCH_USER_PATHS = NO;
				ARCHS = "$(ARCHS_STANDARD_32_BIT)";
				CLANG_ENABLE_OBJC_ARC = YES;
				"CODE_SIGN_IDENTITY[sdk=iphoneos*]" = "iPhone Developer";
				COPY_PHASE_STRIP = YES;
				GCC_C_LANGUAGE_STANDARD = gnu99;
				GCC_VERSION = com.apple.compilers.llvm.clang.1_0;
				GCC_WARN_ABOUT_RETURN_TYPE = YES;
				GCC_WARN_UNINITIALIZED_AUTOS = YES;
				GCC_WARN_UNUSED_VARIABLE = YES;
				IPHONEOS_DEPLOYMENT_TARGET = 5.1;
				OTHER_CFLAGS = "-DNS_BLOCK_ASSERTIONS=1";
				SDKROOT = iphoneos;
				VALIDATE_PRODUCT = YES;
			};
			name = Release;
		};
		F3B1BC1C15BE82AD008DED6D /* Debug */ = {
			isa = XCBuildConfiguration;
			buildSettings = {
				GCC_PRECOMPILE_PREFIX_HEADER = YES;
				GCC_PREFIX_HEADER = "TestApp001/TestApp001-Prefix.pch";
				INFOPLIST_FILE = "TestApp001/TestApp001-Info.plist";
				PRODUCT_NAME = "$(TARGET_NAME)";
				WRAPPER_EXTENSION = app;
			};
			name = Debug;
		};
		F3B1BC1D15BE82AD008DED6D /* Release */ = {
			isa = XCBuildConfiguration;
			buildSettings = {
				GCC_PRECOMPILE_PREFIX_HEADER = YES;
				GCC_PREFIX_HEADER = "TestApp001/TestApp001-Prefix.pch";
				INFOPLIST_FILE = "TestApp001/TestApp001-Info.plist";
				PRODUCT_NAME = "$(TARGET_NAME)";
				WRAPPER_EXTENSION = app;
			};
			name = Release;
		};
/* End XCBuildConfiguration section */

/* Begin XCConfigurationList section */
		F3B1BBF815BE82AD008DED6D /* Build configuration list for PBXProject "TestApp001" */ = {
			isa = XCConfigurationList;
			buildConfigurations = (
				F3B1BC1915BE82AD008DED6D /* Debug */,
				F3B1BC1A15BE82AD008DED6D /* Release */,
			);
			defaultConfigurationIsVisible = 0;
			defaultConfigurationName = Release;
		};
		F3B1BC1B15BE82AD008DED6D /* Build configuration list for PBXNativeTarget "TestApp001" */ = {
			isa = XCConfigurationList;
			buildConfigurations = (
				F3B1BC1C15BE82AD008DED6D /* Debug */,
				F3B1BC1D15BE82AD008DED6D /* Release */,
			);
			defaultConfigurationIsVisible = 0;
			defaultConfigurationName = Release;
		};
/* End XCConfigurationList section */

/* Begin XCVersionGroup section */
		F3B1BC1615BE82AD008DED6D /* TestApp001.xcdatamodeld */ = {
			isa = XCVersionGroup;
			children = (
				F3B1BC1715BE82AD008DED6D /* TestApp001.xcdatamodel */,
			);
			currentVersion = F3B1BC1715BE82AD008DED6D /* TestApp001.xcdatamodel */;
			path = TestApp001.xcdatamodeld;
			sourceTree = "<group>";
			versionGroupType = wrapper.xcdatamodel;
		};
/* End XCVersionGroup section */
	};
	rootObject = F3B1BBF515BE82AD008DED6D /* Project object */;
}
